
Microsoft Visual Studio Solution File, Format Version 12.00
# Visual Studio Version 16
VisualStudioVersion = 16.0.809.2
MinimumVisualStudioVersion = 10.0.40219.1
Project("{F2A71F9B-5D33-465A-A702-920D77279786}") = "Renderer", "Renderer.fsproj", "{1F195BB9-E346-4953-A672-374C12300E72}"
EndProject
Global
	GlobalSection(SolutionConfigurationPlatforms) = preSolution
		Debug|Any CPU = Debug|Any CPU
		Release|Any CPU = Release|Any CPU
	EndGlobalSection
	GlobalSection(ProjectConfigurationPlatforms) = postSolution
		{1F195BB9-E346-4953-A672-374C12300E72}.Debug|Any CPU.ActiveCfg = Debug|Any CPU
		{1F195BB9-E346-4953-A672-374C12300E72}.Debug|Any CPU.Build.0 = Debug|Any CPU
		{1F195BB9-E346-4953-A672-374C12300E72}.Release|Any CPU.ActiveCfg = Release|Any CPU
		{1F195BB9-E346-4953-A672-374C12300E72}.Release|Any CPU.Build.0 = Release|Any CPU
	EndGlobalSection
	GlobalSection(SolutionProperties) = preSolution
		HideSolutionNode = FALSE
	EndGlobalSection
	GlobalSection(ExtensibilityGlobals) = postSolution
		SolutionGuid = {6780379E-2806-49C4-9C9A-B2EA7E06F1B4}
	EndGlobalSection
EndGlobal
